
Microsoft Visual Studio Solution File, Format Version 12.00
Project("{FAE04EC0-301F-11D3-BF4B-00C04F79EFBC}") = "While", "While\While.csproj", "{16367E62-805A-4232-903E-2BB7D464DB03}"
EndProject
Project("{FAE04EC0-301F-11D3-BF4B-00C04F79EFBC}") = "Triangle", "Triangle\Triangle.csproj", "{4F6CC8B1-A96F-4F2F-B49B-C38DCE82ED51}"
EndProject
Project("{FAE04EC0-301F-11D3-BF4B-00C04F79EFBC}") = "Matrix", "Matrix\Matrix.csproj", "{C26A61E4-834F-42FD-BFF2-99F917A2E456}"
EndProject
Project("{FAE04EC0-301F-11D3-BF4B-00C04F79EFBC}") = "ArrayFromKeyboard", "ArrayFromKeyboard\ArrayFromKeyboard.csproj", "{91CF1287-61F3-4BDC-9A19-A8BC09CF29D3}"
EndProject
Project("{FAE04EC0-301F-11D3-BF4B-00C04F79EFBC}") = "ReverseArray", "ReverseArray\ReverseArray.csproj", "{656830B5-49C8-4A58-A915-05D89A6A254B}"
EndProject
Global
	GlobalSection(SolutionConfigurationPlatforms) = preSolution
		Debug|Any CPU = Debug|Any CPU
		Release|Any CPU = Release|Any CPU
	EndGlobalSection
	GlobalSection(ProjectConfigurationPlatforms) = postSolution
		{16367E62-805A-4232-903E-2BB7D464DB03}.Debug|Any CPU.ActiveCfg = Debug|Any CPU
		{16367E62-805A-4232-903E-2BB7D464DB03}.Debug|Any CPU.Build.0 = Debug|Any CPU
		{16367E62-805A-4232-903E-2BB7D464DB03}.Release|Any CPU.ActiveCfg = Release|Any CPU
		{16367E62-805A-4232-903E-2BB7D464DB03}.Release|Any CPU.Build.0 = Release|Any CPU
		{4F6CC8B1-A96F-4F2F-B49B-C38DCE82ED51}.Debug|Any CPU.ActiveCfg = Debug|Any CPU
		{4F6CC8B1-A96F-4F2F-B49B-C38DCE82ED51}.Debug|Any CPU.Build.0 = Debug|Any CPU
		{4F6CC8B1-A96F-4F2F-B49B-C38DCE82ED51}.Release|Any CPU.ActiveCfg = Release|Any CPU
		{4F6CC8B1-A96F-4F2F-B49B-C38DCE82ED51}.Release|Any CPU.Build.0 = Release|Any CPU
		{C26A61E4-834F-42FD-BFF2-99F917A2E456}.Debug|Any CPU.ActiveCfg = Debug|Any CPU
		{C26A61E4-834F-42FD-BFF2-99F917A2E456}.Debug|Any CPU.Build.0 = Debug|Any CPU
		{C26A61E4-834F-42FD-BFF2-99F917A2E456}.Release|Any CPU.ActiveCfg = Release|Any CPU
		{C26A61E4-834F-42FD-BFF2-99F917A2E456}.Release|Any CPU.Build.0 = Release|Any CPU
		{91CF1287-61F3-4BDC-9A19-A8BC09CF29D3}.Debug|Any CPU.ActiveCfg = Debug|Any CPU
		{91CF1287-61F3-4BDC-9A19-A8BC09CF29D3}.Debug|Any CPU.Build.0 = Debug|Any CPU
		{91CF1287-61F3-4BDC-9A19-A8BC09CF29D3}.Release|Any CPU.ActiveCfg = Release|Any CPU
		{91CF1287-61F3-4BDC-9A19-A8BC09CF29D3}.Release|Any CPU.Build.0 = Release|Any CPU
		{656830B5-49C8-4A58-A915-05D89A6A254B}.Debug|Any CPU.ActiveCfg = Debug|Any CPU
		{656830B5-49C8-4A58-A915-05D89A6A254B}.Debug|Any CPU.Build.0 = Debug|Any CPU
		{656830B5-49C8-4A58-A915-05D89A6A254B}.Release|Any CPU.ActiveCfg = Release|Any CPU
		{656830B5-49C8-4A58-A915-05D89A6A254B}.Release|Any CPU.Build.0 = Release|Any CPU
	EndGlobalSection
EndGlobal
